// !$*UTF8*$!
{
	archiveVersion = 1;
	classes = {
	};
	objectVersion = 46;
	objects = {

/* Begin PBXBuildFile section */
		A5102C7E17F201A300A9494E /* Foundation.framework in Frameworks */ = {isa = PBXBuildFile; fileRef = A5102C7D17F201A300A9494E /* Foundation.framework */; };
		A5102C8017F201A300A9494E /* CoreGraphics.framework in Frameworks */ = {isa = PBXBuildFile; fileRef = A5102C7F17F201A300A9494E /* CoreGraphics.framework */; };
		A5102C8217F201A300A9494E /* UIKit.framework in Frameworks */ = {isa = PBXBuildFile; fileRef = A5102C8117F201A300A9494E /* UIKit.framework */; };
		A5102C8817F201A300A9494E /* InfoPlist.strings in Resources */ = {isa = PBXBuildFile; fileRef = A5102C8617F201A300A9494E /* InfoPlist.strings */; };
		A5102C8A17F201A300A9494E /* main.m in Sources */ = {isa = PBXBuildFile; fileRef = A5102C8917F201A300A9494E /* main.m */; };
		A5102C8E17F201A300A9494E /* AppDelegate.m in Sources */ = {isa = PBXBuildFile; fileRef = A5102C8D17F201A300A9494E /* AppDelegate.m */; };
		A5102C9017F201A300A9494E /* Images.xcassets in Resources */ = {isa = PBXBuildFile; fileRef = A5102C8F17F201A300A9494E /* Images.xcassets */; };
		A5102C9717F201A300A9494E /* XCTest.framework in Frameworks */ = {isa = PBXBuildFile; fileRef = A5102C9617F201A300A9494E /* XCTest.framework */; };
		A5102C9817F201A300A9494E /* Foundation.framework in Frameworks */ = {isa = PBXBuildFile; fileRef = A5102C7D17F201A300A9494E /* Foundation.framework */; };
		A5102C9917F201A300A9494E /* UIKit.framework in Frameworks */ = {isa = PBXBuildFile; fileRef = A5102C8117F201A300A9494E /* UIKit.framework */; };
		A5102CA117F201A300A9494E /* InfoPlist.strings in Resources */ = {isa = PBXBuildFile; fileRef = A5102C9F17F201A300A9494E /* InfoPlist.strings */; };
		A5102CA317F201A300A9494E /* COnfiguration_Change_FormTests.m in Sources */ = {isa = PBXBuildFile; fileRef = A5102CA217F201A300A9494E /* COnfiguration_Change_FormTests.m */; };
		A5102CF317F266F100A9494E /* TabOverViewController.m in Sources */ = {isa = PBXBuildFile; fileRef = A5102CF117F266F100A9494E /* TabOverViewController.m */; };
		A5102CF417F266F100A9494E /* TabOverViewController.xib in Resources */ = {isa = PBXBuildFile; fileRef = A5102CF217F266F100A9494E /* TabOverViewController.xib */; };
		A5102CF817F26DAD00A9494E /* AddOrRemoveDeviceController.m in Sources */ = {isa = PBXBuildFile; fileRef = A5102CF617F26DAD00A9494E /* AddOrRemoveDeviceController.m */; };
		A5102CF917F26DAD00A9494E /* AddOrRemoveDeviceController.xib in Resources */ = {isa = PBXBuildFile; fileRef = A5102CF717F26DAD00A9494E /* AddOrRemoveDeviceController.xib */; };
		A5102CFD17F26DEB00A9494E /* ChangeDeviceController.m in Sources */ = {isa = PBXBuildFile; fileRef = A5102CFB17F26DEB00A9494E /* ChangeDeviceController.m */; };
		A5102CFE17F26DEB00A9494E /* ChangeDeviceController.xib in Resources */ = {isa = PBXBuildFile; fileRef = A5102CFC17F26DEB00A9494E /* ChangeDeviceController.xib */; };
		A5102D0217F26E1C00A9494E /* SettingsController.m in Sources */ = {isa = PBXBuildFile; fileRef = A5102D0017F26E1C00A9494E /* SettingsController.m */; };
		A5102D0317F26E1C00A9494E /* SettingsController.xib in Resources */ = {isa = PBXBuildFile; fileRef = A5102D0117F26E1C00A9494E /* SettingsController.xib */; };
		A5102D0717F26E5300A9494E /* ConnectionsController.m in Sources */ = {isa = PBXBuildFile; fileRef = A5102D0517F26E5300A9494E /* ConnectionsController.m */; };
		A5102D0817F26E5300A9494E /* ConnectionsController.xib in Resources */ = {isa = PBXBuildFile; fileRef = A5102D0617F26E5300A9494E /* ConnectionsController.xib */; };
		A5102D0B17F26F7000A9494E /* ConfigurationData.m in Sources */ = {isa = PBXBuildFile; fileRef = A5102D0A17F26F7000A9494E /* ConfigurationData.m */; };
		A5102D1517F5250800A9494E /* UIColor+ExtendedColor.m in Sources */ = {isa = PBXBuildFile; fileRef = A5102D1417F5250800A9494E /* UIColor+ExtendedColor.m */; };
		A5860BC017FB6DDE00F142BD /* adddevice.png in Resources */ = {isa = PBXBuildFile; fileRef = A5860BBF17FB6DDD00F142BD /* adddevice.png */; };
		A5860BC217FB6E6500F142BD /* rmdevice.png in Resources */ = {isa = PBXBuildFile; fileRef = A5860BC117FB6E6500F142BD /* rmdevice.png */; };
		A5B46D6217FB737100BE8FD9 /* changedevice.png in Resources */ = {isa = PBXBuildFile; fileRef = A5B46D6117FB737100BE8FD9 /* changedevice.png */; };
		A5B46D6517FB863800BE8FD9 /* PickerItems.m in Sources */ = {isa = PBXBuildFile; fileRef = A5B46D6417FB863800BE8FD9 /* PickerItems.m */; };
		A5B46D6B17FCA5B900BE8FD9 /* MailController.m in Sources */ = {isa = PBXBuildFile; fileRef = A5B46D6A17FCA5B900BE8FD9 /* MailController.m */; };
/* End PBXBuildFile section */

/* Begin PBXContainerItemProxy section */
		A5102C9A17F201A300A9494E /* PBXContainerItemProxy */ = {
			isa = PBXContainerItemProxy;
			containerPortal = A5102C7217F201A300A9494E /* Project object */;
			proxyType = 1;
			remoteGlobalIDString = A5102C7917F201A300A9494E;
			remoteInfo = "COnfiguration Change Form";
		};
/* End PBXContainerItemProxy section */

/* Begin PBXFileReference section */
		A5102C7A17F201A300A9494E /* COnfiguration Change Form.app */ = {isa = PBXFileReference; explicitFileType = wrapper.application; includeInIndex = 0; path = "COnfiguration Change Form.app"; sourceTree = BUILT_PRODUCTS_DIR; };
		A5102C7D17F201A300A9494E /* Foundation.framework */ = {isa = PBXFileReference; lastKnownFileType = wrapper.framework; name = Foundation.framework; path = System/Library/Frameworks/Foundation.framework; sourceTree = SDKROOT; };
		A5102C7F17F201A300A9494E /* CoreGraphics.framework */ = {isa = PBXFileReference; lastKnownFileType = wrapper.framework; name = CoreGraphics.framework; path = System/Library/Frameworks/CoreGraphics.framework; sourceTree = SDKROOT; };
		A5102C8117F201A300A9494E /* UIKit.framework */ = {isa = PBXFileReference; lastKnownFileType = wrapper.framework; name = UIKit.framework; path = System/Library/Frameworks/UIKit.framework; sourceTree = SDKROOT; };
		A5102C8517F201A300A9494E /* COnfiguration Change Form-Info.plist */ = {isa = PBXFileReference; lastKnownFileType = text.plist.xml; path = "COnfiguration Change Form-Info.plist"; sourceTree = "<group>"; };
		A5102C8717F201A300A9494E /* en */ = {isa = PBXFileReference; lastKnownFileType = text.plist.strings; name = en; path = en.lproj/InfoPlist.strings; sourceTree = "<group>"; };
		A5102C8917F201A300A9494E /* main.m */ = {isa = PBXFileReference; lastKnownFileType = sourcecode.c.objc; path = main.m; sourceTree = "<group>"; };
		A5102C8B17F201A300A9494E /* COnfiguration Change Form-Prefix.pch */ = {isa = PBXFileReference; lastKnownFileType = sourcecode.c.h; path = "COnfiguration Change Form-Prefix.pch"; sourceTree = "<group>"; };
		A5102C8C17F201A300A9494E /* AppDelegate.h */ = {isa = PBXFileReference; lastKnownFileType = sourcecode.c.h; path = AppDelegate.h; sourceTree = "<group>"; };
		A5102C8D17F201A300A9494E /* AppDelegate.m */ = {isa = PBXFileReference; lastKnownFileType = sourcecode.c.objc; path = AppDelegate.m; sourceTree = "<group>"; };
		A5102C8F17F201A300A9494E /* Images.xcassets */ = {isa = PBXFileReference; lastKnownFileType = folder.assetcatalog; path = Images.xcassets; sourceTree = "<group>"; };
		A5102C9517F201A300A9494E /* COnfiguration Change FormTests.xctest */ = {isa = PBXFileReference; explicitFileType = wrapper.cfbundle; includeInIndex = 0; path = "COnfiguration Change FormTests.xctest"; sourceTree = BUILT_PRODUCTS_DIR; };
		A5102C9617F201A300A9494E /* XCTest.framework */ = {isa = PBXFileReference; lastKnownFileType = wrapper.framework; name = XCTest.framework; path = Library/Frameworks/XCTest.framework; sourceTree = DEVELOPER_DIR; };
		A5102C9E17F201A300A9494E /* COnfiguration Change FormTests-Info.plist */ = {isa = PBXFileReference; lastKnownFileType = text.plist.xml; path = "COnfiguration Change FormTests-Info.plist"; sourceTree = "<group>"; };
		A5102CA017F201A300A9494E /* en */ = {isa = PBXFileReference; lastKnownFileType = text.plist.strings; name = en; path = en.lproj/InfoPlist.strings; sourceTree = "<group>"; };
		A5102CA217F201A300A9494E /* COnfiguration_Change_FormTests.m */ = {isa = PBXFileReference; lastKnownFileType = sourcecode.c.objc; path = COnfiguration_Change_FormTests.m; sourceTree = "<group>"; };
		A5102CF017F266F100A9494E /* TabOverViewController.h */ = {isa = PBXFileReference; fileEncoding = 4; lastKnownFileType = sourcecode.c.h; path = TabOverViewController.h; sourceTree = "<group>"; };
		A5102CF117F266F100A9494E /* TabOverViewController.m */ = {isa = PBXFileReference; fileEncoding = 4; lastKnownFileType = sourcecode.c.objc; path = TabOverViewController.m; sourceTree = "<group>"; };
		A5102CF217F266F100A9494E /* TabOverViewController.xib */ = {isa = PBXFileReference; fileEncoding = 4; lastKnownFileType = file.xib; path = TabOverViewController.xib; sourceTree = "<group>"; };
		A5102CF517F26DAD00A9494E /* AddOrRemoveDeviceController.h */ = {isa = PBXFileReference; fileEncoding = 4; lastKnownFileType = sourcecode.c.h; path = AddOrRemoveDeviceController.h; sourceTree = "<group>"; };
		A5102CF617F26DAD00A9494E /* AddOrRemoveDeviceController.m */ = {isa = PBXFileReference; fileEncoding = 4; lastKnownFileType = sourcecode.c.objc; path = AddOrRemoveDeviceController.m; sourceTree = "<group>"; };
		A5102CF717F26DAD00A9494E /* AddOrRemoveDeviceController.xib */ = {isa = PBXFileReference; fileEncoding = 4; lastKnownFileType = file.xib; path = AddOrRemoveDeviceController.xib; sourceTree = "<group>"; };
		A5102CFA17F26DEB00A9494E /* ChangeDeviceController.h */ = {isa = PBXFileReference; fileEncoding = 4; lastKnownFileType = sourcecode.c.h; path = ChangeDeviceController.h; sourceTree = "<group>"; };
		A5102CFB17F26DEB00A9494E /* ChangeDeviceController.m */ = {isa = PBXFileReference; fileEncoding = 4; lastKnownFileType = sourcecode.c.objc; path = ChangeDeviceController.m; sourceTree = "<group>"; };
		A5102CFC17F26DEB00A9494E /* ChangeDeviceController.xib */ = {isa = PBXFileReference; fileEncoding = 4; lastKnownFileType = file.xib; path = ChangeDeviceController.xib; sourceTree = "<group>"; };
		A5102CFF17F26E1C00A9494E /* SettingsController.h */ = {isa = PBXFileReference; fileEncoding = 4; lastKnownFileType = sourcecode.c.h; path = SettingsController.h; sourceTree = "<group>"; };
		A5102D0017F26E1C00A9494E /* SettingsController.m */ = {isa = PBXFileReference; fileEncoding = 4; lastKnownFileType = sourcecode.c.objc; path = SettingsController.m; sourceTree = "<group>"; };
		A5102D0117F26E1C00A9494E /* SettingsController.xib */ = {isa = PBXFileReference; fileEncoding = 4; lastKnownFileType = file.xib; path = SettingsController.xib; sourceTree = "<group>"; };
		A5102D0417F26E5300A9494E /* ConnectionsController.h */ = {isa = PBXFileReference; fileEncoding = 4; lastKnownFileType = sourcecode.c.h; path = ConnectionsController.h; sourceTree = "<group>"; };
		A5102D0517F26E5300A9494E /* ConnectionsController.m */ = {isa = PBXFileReference; fileEncoding = 4; lastKnownFileType = sourcecode.c.objc; path = ConnectionsController.m; sourceTree = "<group>"; };
		A5102D0617F26E5300A9494E /* ConnectionsController.xib */ = {isa = PBXFileReference; fileEncoding = 4; lastKnownFileType = file.xib; path = ConnectionsController.xib; sourceTree = "<group>"; };
		A5102D0917F26F7000A9494E /* ConfigurationData.h */ = {isa = PBXFileReference; fileEncoding = 4; lastKnownFileType = sourcecode.c.h; path = ConfigurationData.h; sourceTree = "<group>"; };
		A5102D0A17F26F7000A9494E /* ConfigurationData.m */ = {isa = PBXFileReference; fileEncoding = 4; lastKnownFileType = sourcecode.c.objc; path = ConfigurationData.m; sourceTree = "<group>"; };
		A5102D0C17F271EC00A9494E /* enumList.h */ = {isa = PBXFileReference; lastKnownFileType = sourcecode.c.h; path = enumList.h; sourceTree = "<group>"; };
		A5102D1317F5250800A9494E /* UIColor+ExtendedColor.h */ = {isa = PBXFileReference; fileEncoding = 4; lastKnownFileType = sourcecode.c.h; path = "UIColor+ExtendedColor.h"; sourceTree = "<group>"; };
		A5102D1417F5250800A9494E /* UIColor+ExtendedColor.m */ = {isa = PBXFileReference; fileEncoding = 4; lastKnownFileType = sourcecode.c.objc; path = "UIColor+ExtendedColor.m"; sourceTree = "<group>"; };
		A5860BBF17FB6DDD00F142BD /* adddevice.png */ = {isa = PBXFileReference; lastKnownFileType = image.png; path = adddevice.png; sourceTree = "<group>"; };
		A5860BC117FB6E6500F142BD /* rmdevice.png */ = {isa = PBXFileReference; lastKnownFileType = image.png; path = rmdevice.png; sourceTree = "<group>"; };
		A5B46D6117FB737100BE8FD9 /* changedevice.png */ = {isa = PBXFileReference; lastKnownFileType = image.png; path = changedevice.png; sourceTree = "<group>"; };
		A5B46D6317FB863800BE8FD9 /* PickerItems.h */ = {isa = PBXFileReference; fileEncoding = 4; lastKnownFileType = sourcecode.c.h; path = PickerItems.h; sourceTree = "<group>"; };
		A5B46D6417FB863800BE8FD9 /* PickerItems.m */ = {isa = PBXFileReference; fileEncoding = 4; lastKnownFileType = sourcecode.c.objc; path = PickerItems.m; sourceTree = "<group>"; };
		A5B46D6917FCA5B900BE8FD9 /* MailController.h */ = {isa = PBXFileReference; fileEncoding = 4; lastKnownFileType = sourcecode.c.h; path = MailController.h; sourceTree = "<group>"; };
		A5B46D6A17FCA5B900BE8FD9 /* MailController.m */ = {isa = PBXFileReference; fileEncoding = 4; lastKnownFileType = sourcecode.c.objc; path = MailController.m; sourceTree = "<group>"; };
/* End PBXFileReference section */

/* Begin PBXFrameworksBuildPhase section */
		A5102C7717F201A300A9494E /* Frameworks */ = {
			isa = PBXFrameworksBuildPhase;
			buildActionMask = 2147483647;
			files = (
				A5102C8017F201A300A9494E /* CoreGraphics.framework in Frameworks */,
				A5102C8217F201A300A9494E /* UIKit.framework in Frameworks */,
				A5102C7E17F201A300A9494E /* Foundation.framework in Frameworks */,
			);
			runOnlyForDeploymentPostprocessing = 0;
		};
		A5102C9217F201A300A9494E /* Frameworks */ = {
			isa = PBXFrameworksBuildPhase;
			buildActionMask = 2147483647;
			files = (
				A5102C9717F201A300A9494E /* XCTest.framework in Frameworks */,
				A5102C9917F201A300A9494E /* UIKit.framework in Frameworks */,
				A5102C9817F201A300A9494E /* Foundation.framework in Frameworks */,
			);
			runOnlyForDeploymentPostprocessing = 0;
		};
/* End PBXFrameworksBuildPhase section */

/* Begin PBXGroup section */
		A5102C7117F201A300A9494E = {
			isa = PBXGroup;
			children = (
				A5102C8317F201A300A9494E /* Configuration Change Form */,
				A5102C9C17F201A300A9494E /* Configuration Change FormTests */,
				A5102C7C17F201A300A9494E /* Frameworks */,
				A5102C7B17F201A300A9494E /* Products */,
			);
			sourceTree = "<group>";
		};
		A5102C7B17F201A300A9494E /* Products */ = {
			isa = PBXGroup;
			children = (
				A5102C7A17F201A300A9494E /* COnfiguration Change Form.app */,
				A5102C9517F201A300A9494E /* COnfiguration Change FormTests.xctest */,
			);
			name = Products;
			sourceTree = "<group>";
		};
		A5102C7C17F201A300A9494E /* Frameworks */ = {
			isa = PBXGroup;
			children = (
				A5102C7D17F201A300A9494E /* Foundation.framework */,
				A5102C7F17F201A300A9494E /* CoreGraphics.framework */,
				A5102C8117F201A300A9494E /* UIKit.framework */,
				A5102C9617F201A300A9494E /* XCTest.framework */,
			);
			name = Frameworks;
			sourceTree = "<group>";
		};
		A5102C8317F201A300A9494E /* Configuration Change Form */ = {
			isa = PBXGroup;
			children = (
				A5102C8C17F201A300A9494E /* AppDelegate.h */,
				A5102C8D17F201A300A9494E /* AppDelegate.m */,
				A5102CF517F26DAD00A9494E /* AddOrRemoveDeviceController.h */,
				A5102CF617F26DAD00A9494E /* AddOrRemoveDeviceController.m */,
				A5102CF717F26DAD00A9494E /* AddOrRemoveDeviceController.xib */,
				A5102CF017F266F100A9494E /* TabOverViewController.h */,
				A5102CF117F266F100A9494E /* TabOverViewController.m */,
				A5102CF217F266F100A9494E /* TabOverViewController.xib */,
				A5102CFA17F26DEB00A9494E /* ChangeDeviceController.h */,
				A5102CFB17F26DEB00A9494E /* ChangeDeviceController.m */,
				A5102CFC17F26DEB00A9494E /* ChangeDeviceController.xib */,
				A5102D0917F26F7000A9494E /* ConfigurationData.h */,
				A5102D0A17F26F7000A9494E /* ConfigurationData.m */,
				A5102D0417F26E5300A9494E /* ConnectionsController.h */,
				A5102D0517F26E5300A9494E /* ConnectionsController.m */,
				A5102D0617F26E5300A9494E /* ConnectionsController.xib */,
				A5102D0C17F271EC00A9494E /* enumList.h */,
				A5B46D6917FCA5B900BE8FD9 /* MailController.h */,
				A5B46D6A17FCA5B900BE8FD9 /* MailController.m */,
				A5B46D6317FB863800BE8FD9 /* PickerItems.h */,
				A5B46D6417FB863800BE8FD9 /* PickerItems.m */,
				A5102CFF17F26E1C00A9494E /* SettingsController.h */,
				A5102D0017F26E1C00A9494E /* SettingsController.m */,
				A5102D0117F26E1C00A9494E /* SettingsController.xib */,
				A5102D1317F5250800A9494E /* UIColor+ExtendedColor.h */,
				A5102D1417F5250800A9494E /* UIColor+ExtendedColor.m */,
				A5102C8F17F201A300A9494E /* Images.xcassets */,
				A5B46D6117FB737100BE8FD9 /* changedevice.png */,
				A5860BC117FB6E6500F142BD /* rmdevice.png */,
				A5860BBF17FB6DDD00F142BD /* adddevice.png */,
				A5102C8417F201A300A9494E /* Supporting Files */,
			);
			name = "Configuration Change Form";
			path = "COnfiguration Change Form";
			sourceTree = "<group>";
		};
		A5102C8417F201A300A9494E /* Supporting Files */ = {
			isa = PBXGroup;
			children = (
				A5102C8517F201A300A9494E /* COnfiguration Change Form-Info.plist */,
				A5102C8617F201A300A9494E /* InfoPlist.strings */,
				A5102C8917F201A300A9494E /* main.m */,
				A5102C8B17F201A300A9494E /* COnfiguration Change Form-Prefix.pch */,
			);
			name = "Supporting Files";
			sourceTree = "<group>";
		};
		A5102C9C17F201A300A9494E /* Configuration Change FormTests */ = {
			isa = PBXGroup;
			children = (
				A5102CA217F201A300A9494E /* COnfiguration_Change_FormTests.m */,
				A5102C9D17F201A300A9494E /* Supporting Files */,
			);
			name = "Configuration Change FormTests";
			path = "COnfiguration Change FormTests";
			sourceTree = "<group>";
		};
		A5102C9D17F201A300A9494E /* Supporting Files */ = {
			isa = PBXGroup;
			children = (
				A5102C9E17F201A300A9494E /* COnfiguration Change FormTests-Info.plist */,
				A5102C9F17F201A300A9494E /* InfoPlist.strings */,
			);
			name = "Supporting Files";
			sourceTree = "<group>";
		};
/* End PBXGroup section */

/* Begin PBXNativeTarget section */
		A5102C7917F201A300A9494E /* COnfiguration Change Form */ = {
			isa = PBXNativeTarget;
			buildConfigurationList = A5102CA617F201A300A9494E /* Build configuration list for PBXNativeTarget "COnfiguration Change Form" */;
			buildPhases = (
				A5102C7617F201A300A9494E /* Sources */,
				A5102C7717F201A300A9494E /* Frameworks */,
				A5102C7817F201A300A9494E /* Resources */,
			);
			buildRules = (
			);
			dependencies = (
			);
			name = "COnfiguration Change Form";
			productName = "COnfiguration Change Form";
			productReference = A5102C7A17F201A300A9494E /* COnfiguration Change Form.app */;
			productType = "com.apple.product-type.application";
		};
		A5102C9417F201A300A9494E /* COnfiguration Change FormTests */ = {
			isa = PBXNativeTarget;
			buildConfigurationList = A5102CA917F201A300A9494E /* Build configuration list for PBXNativeTarget "COnfiguration Change FormTests" */;
			buildPhases = (
				A5102C9117F201A300A9494E /* Sources */,
				A5102C9217F201A300A9494E /* Frameworks */,
				A5102C9317F201A300A9494E /* Resources */,
			);
			buildRules = (
			);
			dependencies = (
				A5102C9B17F201A300A9494E /* PBXTargetDependency */,
			);
			name = "COnfiguration Change FormTests";
			productName = "COnfiguration Change FormTests";
			productReference = A5102C9517F201A300A9494E /* COnfiguration Change FormTests.xctest */;
			productType = "com.apple.product-type.bundle.unit-test";
		};
/* End PBXNativeTarget section */

/* Begin PBXProject section */
		A5102C7217F201A300A9494E /* Project object */ = {
			isa = PBXProject;
			attributes = {
				LastUpgradeCheck = 0500;
				ORGANIZATIONNAME = "Douglas Gardiner";
				TargetAttributes = {
					A5102C9417F201A300A9494E = {
						TestTargetID = A5102C7917F201A300A9494E;
					};
				};
			};
			buildConfigurationList = A5102C7517F201A300A9494E /* Build configuration list for PBXProject "COnfiguration Change Form" */;
			compatibilityVersion = "Xcode 3.2";
			developmentRegion = English;
			hasScannedForEncodings = 0;
			knownRegions = (
				en,
			);
			mainGroup = A5102C7117F201A300A9494E;
			productRefGroup = A5102C7B17F201A300A9494E /* Products */;
			projectDirPath = "";
			projectRoot = "";
			targets = (
				A5102C7917F201A300A9494E /* COnfiguration Change Form */,
				A5102C9417F201A300A9494E /* COnfiguration Change FormTests */,
			);
		};
/* End PBXProject section */

/* Begin PBXResourcesBuildPhase section */
		A5102C7817F201A300A9494E /* Resources */ = {
			isa = PBXResourcesBuildPhase;
			buildActionMask = 2147483647;
			files = (
				A5102CF917F26DAD00A9494E /* AddOrRemoveDeviceController.xib in Resources */,
				A5860BC017FB6DDE00F142BD /* adddevice.png in Resources */,
				A5102CFE17F26DEB00A9494E /* ChangeDeviceController.xib in Resources */,
				A5102C8817F201A300A9494E /* InfoPlist.strings in Resources */,
				A5102C9017F201A300A9494E /* Images.xcassets in Resources */,
				A5102D0317F26E1C00A9494E /* SettingsController.xib in Resources */,
				A5860BC217FB6E6500F142BD /* rmdevice.png in Resources */,
				A5B46D6217FB737100BE8FD9 /* changedevice.png in Resources */,
				A5102D0817F26E5300A9494E /* ConnectionsController.xib in Resources */,
				A5102CF417F266F100A9494E /* TabOverViewController.xib in Resources */,
			);
			runOnlyForDeploymentPostprocessing = 0;
		};
		A5102C9317F201A300A9494E /* Resources */ = {
			isa = PBXResourcesBuildPhase;
			buildActionMask = 2147483647;
			files = (
				A5102CA117F201A300A9494E /* InfoPlist.strings in Resources */,
			);
			runOnlyForDeploymentPostprocessing = 0;
		};
/* End PBXResourcesBuildPhase section */

/* Begin PBXSourcesBuildPhase section */
		A5102C7617F201A300A9494E /* Sources */ = {
			isa = PBXSourcesBuildPhase;
			buildActionMask = 2147483647;
			files = (
				A5102D0B17F26F7000A9494E /* ConfigurationData.m in Sources */,
				A5B46D6B17FCA5B900BE8FD9 /* MailController.m in Sources */,
				A5102D0217F26E1C00A9494E /* SettingsController.m in Sources */,
				A5102D1517F5250800A9494E /* UIColor+ExtendedColor.m in Sources */,
				A5102CF817F26DAD00A9494E /* AddOrRemoveDeviceController.m in Sources */,
				A5102CFD17F26DEB00A9494E /* ChangeDeviceController.m in Sources */,
				A5102CF317F266F100A9494E /* TabOverViewController.m in Sources */,
				A5B46D6517FB863800BE8FD9 /* PickerItems.m in Sources */,
				A5102C8E17F201A300A9494E /* AppDelegate.m in Sources */,
				A5102D0717F26E5300A9494E /* ConnectionsController.m in Sources */,
				A5102C8A17F201A300A9494E /* main.m in Sources */,
			);
			runOnlyForDeploymentPostprocessing = 0;
		};
		A5102C9117F201A300A9494E /* Sources */ = {
			isa = PBXSourcesBuildPhase;
			buildActionMask = 2147483647;
			files = (
				A5102CA317F201A300A9494E /* COnfiguration_Change_FormTests.m in Sources */,
			);
			runOnlyForDeploymentPostprocessing = 0;
		};
/* End PBXSourcesBuildPhase section */

/* Begin PBXTargetDependency section */
		A5102C9B17F201A300A9494E /* PBXTargetDependency */ = {
			isa = PBXTargetDependency;
			target = A5102C7917F201A300A9494E /* COnfiguration Change Form */;
			targetProxy = A5102C9A17F201A300A9494E /* PBXContainerItemProxy */;
		};
/* End PBXTargetDependency section */

/* Begin PBXVariantGroup section */
		A5102C8617F201A300A9494E /* InfoPlist.strings */ = {
			isa = PBXVariantGroup;
			children = (
				A5102C8717F201A300A9494E /* en */,
			);
			name = InfoPlist.strings;
			sourceTree = "<group>";
		};
		A5102C9F17F201A300A9494E /* InfoPlist.strings */ = {
			isa = PBXVariantGroup;
			children = (
				A5102CA017F201A300A9494E /* en */,
			);
			name = InfoPlist.strings;
			sourceTree = "<group>";
		};
/* End PBXVariantGroup section */

/* Begin XCBuildConfiguration section */
		A5102CA417F201A300A9494E /* Debug */ = {
			isa = XCBuildConfiguration;
			buildSettings = {
				ALWAYS_SEARCH_USER_PATHS = NO;
				ARCHS = "$(ARCHS_STANDARD_INCLUDING_64_BIT)";
				CLANG_CXX_LANGUAGE_STANDARD = "gnu++0x";
				CLANG_CXX_LIBRARY = "libc++";
				CLANG_ENABLE_MODULES = YES;
				CLANG_ENABLE_OBJC_ARC = YES;
				CLANG_WARN_BOOL_CONVERSION = YES;
				CLANG_WARN_CONSTANT_CONVERSION = YES;
				CLANG_WARN_DIRECT_OBJC_ISA_USAGE = YES_ERROR;
				CLANG_WARN_EMPTY_BODY = YES;
				CLANG_WARN_ENUM_CONVERSION = YES;
				CLANG_WARN_INT_CONVERSION = YES;
				CLANG_WARN_OBJC_ROOT_CLASS = YES_ERROR;
				CLANG_WARN__DUPLICATE_METHOD_MATCH = YES;
				"CODE_SIGN_IDENTITY[sdk=iphoneos*]" = "iPhone Developer";
				COPY_PHASE_STRIP = NO;
				GCC_C_LANGUAGE_STANDARD = gnu99;
				GCC_DYNAMIC_NO_PIC = NO;
				GCC_OPTIMIZATION_LEVEL = 0;
				GCC_PREPROCESSOR_DEFINITIONS = (
					"DEBUG=1",
					"$(inherited)",
				);
				GCC_SYMBOLS_PRIVATE_EXTERN = NO;
				GCC_WARN_64_TO_32_BIT_CONVERSION = YES;
				GCC_WARN_ABOUT_RETURN_TYPE = YES_ERROR;
				GCC_WARN_UNDECLARED_SELECTOR = YES;
				GCC_WARN_UNINITIALIZED_AUTOS = YES;
				GCC_WARN_UNUSED_FUNCTION = YES;
				GCC_WARN_UNUSED_VARIABLE = YES;
				IPHONEOS_DEPLOYMENT_TARGET = 7.0;
				ONLY_ACTIVE_ARCH = YES;
				SDKROOT = iphoneos;
			};
			name = Debug;
		};
		A5102CA517F201A300A9494E /* Release */ = {
			isa = XCBuildConfiguration;
			buildSettings = {
				ALWAYS_SEARCH_USER_PATHS = NO;
				ARCHS = "$(ARCHS_STANDARD_INCLUDING_64_BIT)";
				CLANG_CXX_LANGUAGE_STANDARD = "gnu++0x";
				CLANG_CXX_LIBRARY = "libc++";
				CLANG_ENABLE_MODULES = YES;
				CLANG_ENABLE_OBJC_ARC = YES;
				CLANG_WARN_BOOL_CONVERSION = YES;
				CLANG_WARN_CONSTANT_CONVERSION = YES;
				CLANG_WARN_DIRECT_OBJC_ISA_USAGE = YES_ERROR;
				CLANG_WARN_EMPTY_BODY = YES;
				CLANG_WARN_ENUM_CONVERSION = YES;
				CLANG_WARN_INT_CONVERSION = YES;
				CLANG_WARN_OBJC_ROOT_CLASS = YES_ERROR;
				CLANG_WARN__DUPLICATE_METHOD_MATCH = YES;
				"CODE_SIGN_IDENTITY[sdk=iphoneos*]" = "iPhone Developer";
				COPY_PHASE_STRIP = YES;
				ENABLE_NS_ASSERTIONS = NO;
				GCC_C_LANGUAGE_STANDARD = gnu99;
				GCC_WARN_64_TO_32_BIT_CONVERSION = YES;
				GCC_WARN_ABOUT_RETURN_TYPE = YES_ERROR;
				GCC_WARN_UNDECLARED_SELECTOR = YES;
				GCC_WARN_UNINITIALIZED_AUTOS = YES;
				GCC_WARN_UNUSED_FUNCTION = YES;
				GCC_WARN_UNUSED_VARIABLE = YES;
				IPHONEOS_DEPLOYMENT_TARGET = 7.0;
				SDKROOT = iphoneos;
				VALIDATE_PRODUCT = YES;
			};
			name = Release;
		};
		A5102CA717F201A300A9494E /* Debug */ = {
			isa = XCBuildConfiguration;
			buildSettings = {
				ASSETCATALOG_COMPILER_APPICON_NAME = AppIcon;
				ASSETCATALOG_COMPILER_LAUNCHIMAGE_NAME = LaunchImage;
				GCC_PRECOMPILE_PREFIX_HEADER = YES;
				GCC_PREFIX_HEADER = "COnfiguration Change Form/COnfiguration Change Form-Prefix.pch";
				INFOPLIST_FILE = "COnfiguration Change Form/COnfiguration Change Form-Info.plist";
				PRODUCT_NAME = "$(TARGET_NAME)";
				WRAPPER_EXTENSION = app;
			};
			name = Debug;
		};
		A5102CA817F201A300A9494E /* Release */ = {
			isa = XCBuildConfiguration;
			buildSettings = {
				ASSETCATALOG_COMPILER_APPICON_NAME = AppIcon;
				ASSETCATALOG_COMPILER_LAUNCHIMAGE_NAME = LaunchImage;
				GCC_PRECOMPILE_PREFIX_HEADER = YES;
				GCC_PREFIX_HEADER = "COnfiguration Change Form/COnfiguration Change Form-Prefix.pch";
				INFOPLIST_FILE = "COnfiguration Change Form/COnfiguration Change Form-Info.plist";
				PRODUCT_NAME = "$(TARGET_NAME)";
				WRAPPER_EXTENSION = app;
			};
			name = Release;
		};
		A5102CAA17F201A300A9494E /* Debug */ = {
			isa = XCBuildConfiguration;
			buildSettings = {
				ARCHS = "$(ARCHS_STANDARD_INCLUDING_64_BIT)";
				BUNDLE_LOADER = "$(BUILT_PRODUCTS_DIR)/COnfiguration Change Form.app/COnfiguration Change Form";
				FRAMEWORK_SEARCH_PATHS = (
					"$(SDKROOT)/Developer/Library/Frameworks",
					"$(inherited)",
					"$(DEVELOPER_FRAMEWORKS_DIR)",
				);
				GCC_PRECOMPILE_PREFIX_HEADER = YES;
				GCC_PREFIX_HEADER = "COnfiguration Change Form/COnfiguration Change Form-Prefix.pch";
				GCC_PREPROCESSOR_DEFINITIONS = (
					"DEBUG=1",
					"$(inherited)",
				);
				INFOPLIST_FILE = "COnfiguration Change FormTests/COnfiguration Change FormTests-Info.plist";
				PRODUCT_NAME = "$(TARGET_NAME)";
				TEST_HOST = "$(BUNDLE_LOADER)";
				WRAPPER_EXTENSION = xctest;
			};
			name = Debug;
		};
		A5102CAB17F201A300A9494E /* Release */ = {
			isa = XCBuildConfiguration;
			buildSettings = {
				ARCHS = "$(ARCHS_STANDARD_INCLUDING_64_BIT)";
				BUNDLE_LOADER = "$(BUILT_PRODUCTS_DIR)/COnfiguration Change Form.app/COnfiguration Change Form";
				FRAMEWORK_SEARCH_PATHS = (
					"$(SDKROOT)/Developer/Library/Frameworks",
					"$(inherited)",
					"$(DEVELOPER_FRAMEWORKS_DIR)",
				);
				GCC_PRECOMPILE_PREFIX_HEADER = YES;
				GCC_PREFIX_HEADER = "COnfiguration Change Form/COnfiguration Change Form-Prefix.pch";
				INFOPLIST_FILE = "COnfiguration Change FormTests/COnfiguration Change FormTests-Info.plist";
				PRODUCT_NAME = "$(TARGET_NAME)";
				TEST_HOST = "$(BUNDLE_LOADER)";
				WRAPPER_EXTENSION = xctest;
			};
			name = Release;
		};
/* End XCBuildConfiguration section */

/* Begin XCConfigurationList section */
		A5102C7517F201A300A9494E /* Build configuration list for PBXProject "COnfiguration Change Form" */ = {
			isa = XCConfigurationList;
			buildConfigurations = (
				A5102CA417F201A300A9494E /* Debug */,
				A5102CA517F201A300A9494E /* Release */,
			);
			defaultConfigurationIsVisible = 0;
			defaultConfigurationName = Release;
		};
		A5102CA617F201A300A9494E /* Build configuration list for PBXNativeTarget "COnfiguration Change Form" */ = {
			isa = XCConfigurationList;
			buildConfigurations = (
				A5102CA717F201A300A9494E /* Debug */,
				A5102CA817F201A300A9494E /* Release */,
			);
			defaultConfigurationIsVisible = 0;
			defaultConfigurationName = Release;
		};
		A5102CA917F201A300A9494E /* Build configuration list for PBXNativeTarget "COnfiguration Change FormTests" */ = {
			isa = XCConfigurationList;
			buildConfigurations = (
				A5102CAA17F201A300A9494E /* Debug */,
				A5102CAB17F201A300A9494E /* Release */,
			);
			defaultConfigurationIsVisible = 0;
			defaultConfigurationName = Release;
		};
/* End XCConfigurationList section */
	};
	rootObject = A5102C7217F201A300A9494E /* Project object */;
}
