// !$*UTF8*$!
{
	archiveVersion = 1;
	classes = {
	};
	objectVersion = 46;
	objects = {

/* Begin PBXAggregateTarget section */
		A544CC111A9A7C0900E304D9 /* Documentation */ = {
			isa = PBXAggregateTarget;
			buildConfigurationList = A544CC121A9A7C0A00E304D9 /* Build configuration list for PBXAggregateTarget "Documentation" */;
			buildPhases = (
				A544CC171A9A7C3C00E304D9 /* ShellScript */,
			);
			dependencies = (
			);
			name = Documentation;
			productName = Documentation;
		};
/* End PBXAggregateTarget section */

/* Begin PBXBuildFile section */
		A50596DD182C7FA600973CD2 /* ConfigurationDataFactory.m in Sources */ = {isa = PBXBuildFile; fileRef = A50596DC182C7FA600973CD2 /* ConfigurationDataFactory.m */; };
		A50596E0182C80A800973CD2 /* AddDeviceData.m in Sources */ = {isa = PBXBuildFile; fileRef = A50596DF182C80A800973CD2 /* AddDeviceData.m */; };
		A50596E7182DC8AA00973CD2 /* ReplaceDeviceData.m in Sources */ = {isa = PBXBuildFile; fileRef = A50596E6182DC8AA00973CD2 /* ReplaceDeviceData.m */; };
		A5102C7E17F201A300A9494E /* Foundation.framework in Frameworks */ = {isa = PBXBuildFile; fileRef = A5102C7D17F201A300A9494E /* Foundation.framework */; };
		A5102C8017F201A300A9494E /* CoreGraphics.framework in Frameworks */ = {isa = PBXBuildFile; fileRef = A5102C7F17F201A300A9494E /* CoreGraphics.framework */; };
		A5102C8217F201A300A9494E /* UIKit.framework in Frameworks */ = {isa = PBXBuildFile; fileRef = A5102C8117F201A300A9494E /* UIKit.framework */; };
		A5102C8817F201A300A9494E /* InfoPlist.strings in Resources */ = {isa = PBXBuildFile; fileRef = A5102C8617F201A300A9494E /* InfoPlist.strings */; };
		A5102C8A17F201A300A9494E /* main.m in Sources */ = {isa = PBXBuildFile; fileRef = A5102C8917F201A300A9494E /* main.m */; };
		A5102C8E17F201A300A9494E /* AppDelegate.m in Sources */ = {isa = PBXBuildFile; fileRef = A5102C8D17F201A300A9494E /* AppDelegate.m */; };
		A5102C9017F201A300A9494E /* Images.xcassets in Resources */ = {isa = PBXBuildFile; fileRef = A5102C8F17F201A300A9494E /* Images.xcassets */; };
		A5102C9717F201A300A9494E /* XCTest.framework in Frameworks */ = {isa = PBXBuildFile; fileRef = A5102C9617F201A300A9494E /* XCTest.framework */; };
		A5102C9817F201A300A9494E /* Foundation.framework in Frameworks */ = {isa = PBXBuildFile; fileRef = A5102C7D17F201A300A9494E /* Foundation.framework */; };
		A5102C9917F201A300A9494E /* UIKit.framework in Frameworks */ = {isa = PBXBuildFile; fileRef = A5102C8117F201A300A9494E /* UIKit.framework */; };
		A5102CA117F201A300A9494E /* InfoPlist.strings in Resources */ = {isa = PBXBuildFile; fileRef = A5102C9F17F201A300A9494E /* InfoPlist.strings */; };
		A5102CA317F201A300A9494E /* COnfiguration_Change_FormTests.m in Sources */ = {isa = PBXBuildFile; fileRef = A5102CA217F201A300A9494E /* COnfiguration_Change_FormTests.m */; };
		A5102CF317F266F100A9494E /* TabOverViewController.m in Sources */ = {isa = PBXBuildFile; fileRef = A5102CF117F266F100A9494E /* TabOverViewController.m */; };
		A5102CF417F266F100A9494E /* TabOverViewController.xib in Resources */ = {isa = PBXBuildFile; fileRef = A5102CF217F266F100A9494E /* TabOverViewController.xib */; };
		A5102CF817F26DAD00A9494E /* RemoveDeviceController.m in Sources */ = {isa = PBXBuildFile; fileRef = A5102CF617F26DAD00A9494E /* RemoveDeviceController.m */; };
		A5102CF917F26DAD00A9494E /* RemoveDeviceController.xib in Resources */ = {isa = PBXBuildFile; fileRef = A5102CF717F26DAD00A9494E /* RemoveDeviceController.xib */; };
		A5102CFD17F26DEB00A9494E /* ReplaceDeviceController.m in Sources */ = {isa = PBXBuildFile; fileRef = A5102CFB17F26DEB00A9494E /* ReplaceDeviceController.m */; };
		A5102CFE17F26DEB00A9494E /* ReplaceDeviceController.xib in Resources */ = {isa = PBXBuildFile; fileRef = A5102CFC17F26DEB00A9494E /* ReplaceDeviceController.xib */; };
		A5102D0217F26E1C00A9494E /* SettingsController.m in Sources */ = {isa = PBXBuildFile; fileRef = A5102D0017F26E1C00A9494E /* SettingsController.m */; };
		A5102D0317F26E1C00A9494E /* SettingsController.xib in Resources */ = {isa = PBXBuildFile; fileRef = A5102D0117F26E1C00A9494E /* SettingsController.xib */; };
		A5102D0717F26E5300A9494E /* ConnectionsController.m in Sources */ = {isa = PBXBuildFile; fileRef = A5102D0517F26E5300A9494E /* ConnectionsController.m */; };
		A5102D0817F26E5300A9494E /* ConnectionsController.xib in Resources */ = {isa = PBXBuildFile; fileRef = A5102D0617F26E5300A9494E /* ConnectionsController.xib */; };
		A5102D1517F5250800A9494E /* UIColor+ExtendedColor.m in Sources */ = {isa = PBXBuildFile; fileRef = A5102D1417F5250800A9494E /* UIColor+ExtendedColor.m */; };
		A52BD7F11833151C00A5162B /* changedv2.png in Resources */ = {isa = PBXBuildFile; fileRef = A52BD7F01833151C00A5162B /* changedv2.png */; };
		A52BD7F418331C3200A5162B /* BasicDeviceData.m in Sources */ = {isa = PBXBuildFile; fileRef = A52BD7F318331C3200A5162B /* BasicDeviceData.m */; };
		A544CC101A9A714400E304D9 /* Centers.m in Sources */ = {isa = PBXBuildFile; fileRef = A544CC0F1A9A714400E304D9 /* Centers.m */; };
		A55B57C41835C59C006D1378 /* ChangeDeviceData.m in Sources */ = {isa = PBXBuildFile; fileRef = A55B57C31835C59C006D1378 /* ChangeDeviceData.m */; };
		A55B57C81837ED76006D1378 /* CommentsController.m in Sources */ = {isa = PBXBuildFile; fileRef = A55B57C61837ED76006D1378 /* CommentsController.m */; };
		A55B57C91837ED76006D1378 /* CommentsController.xib in Resources */ = {isa = PBXBuildFile; fileRef = A55B57C71837ED76006D1378 /* CommentsController.xib */; };
		A5678A6E186F98C7009591B3 /* adddv2.png in Resources */ = {isa = PBXBuildFile; fileRef = A5678A6B186F98C7009591B3 /* adddv2.png */; };
		A5678A6F186F98C7009591B3 /* alterdv.png in Resources */ = {isa = PBXBuildFile; fileRef = A5678A6C186F98C7009591B3 /* alterdv.png */; };
		A5678A70186F98C7009591B3 /* rmdv2.png in Resources */ = {isa = PBXBuildFile; fileRef = A5678A6D186F98C7009591B3 /* rmdv2.png */; };
		A58C10351833208F00BBA45E /* RemoveDeviceData.m in Sources */ = {isa = PBXBuildFile; fileRef = A58C10341833208F00BBA45E /* RemoveDeviceData.m */; };
		A596B2351829D3C8009F74CA /* FormViewController.m in Sources */ = {isa = PBXBuildFile; fileRef = A596B2341829D3C8009F74CA /* FormViewController.m */; };
		A596B2381829D441009F74CA /* FormViewControllerFactory.m in Sources */ = {isa = PBXBuildFile; fileRef = A596B2371829D441009F74CA /* FormViewControllerFactory.m */; };
		A596B23B1829D72F009F74CA /* AddDeviceController.m in Sources */ = {isa = PBXBuildFile; fileRef = A596B23A1829D72F009F74CA /* AddDeviceController.m */; };
		A596B2421829D84F009F74CA /* AlterDeviceController.m in Sources */ = {isa = PBXBuildFile; fileRef = A596B2401829D84F009F74CA /* AlterDeviceController.m */; };
		A596B2451829DC5B009F74CA /* AddDeviceController.xib in Resources */ = {isa = PBXBuildFile; fileRef = A596B2441829DC5B009F74CA /* AddDeviceController.xib */; };
		A5AE7A52187B0D22002B033D /* adddv2_selected.png in Resources */ = {isa = PBXBuildFile; fileRef = A5AE7A51187B0D22002B033D /* adddv2_selected.png */; };
		A5AE7A54187B0DAE002B033D /* rmdv2_selected.png in Resources */ = {isa = PBXBuildFile; fileRef = A5AE7A53187B0DAE002B033D /* rmdv2_selected.png */; };
		A5AE7A58187B0F8F002B033D /* settings_selected.png in Resources */ = {isa = PBXBuildFile; fileRef = A5AE7A56187B0F8F002B033D /* settings_selected.png */; };
		A5AE7A5A187B120E002B033D /* settings.png in Resources */ = {isa = PBXBuildFile; fileRef = A5AE7A59187B120E002B033D /* settings.png */; };
		A5B46D6517FB863800BE8FD9 /* PickerItems.m in Sources */ = {isa = PBXBuildFile; fileRef = A5B46D6417FB863800BE8FD9 /* PickerItems.m */; };
		A5D500B2187B07A300965EB7 /* alterdv_selected.png in Resources */ = {isa = PBXBuildFile; fileRef = A5D500B1187B07A300965EB7 /* alterdv_selected.png */; };
		A5DE848C1A62040800B27308 /* Contacts_selected.png in Resources */ = {isa = PBXBuildFile; fileRef = A5DE848B1A62040800B27308 /* Contacts_selected.png */; };
		A5DE848E1A62044000B27308 /* Contacts.png in Resources */ = {isa = PBXBuildFile; fileRef = A5DE848D1A62044000B27308 /* Contacts.png */; };
		A5DE84901A62052C00B27308 /* Properties_selected.png in Resources */ = {isa = PBXBuildFile; fileRef = A5DE848F1A62052C00B27308 /* Properties_selected.png */; };
		A5DE84921A62054C00B27308 /* Properties.png in Resources */ = {isa = PBXBuildFile; fileRef = A5DE84911A62054C00B27308 /* Properties.png */; };
		A5EECDB2184A683C00346B5F /* AlterDeviceData.m in Sources */ = {isa = PBXBuildFile; fileRef = A5EECDB1184A683C00346B5F /* AlterDeviceData.m */; };
/* End PBXBuildFile section */

/* Begin PBXContainerItemProxy section */
		A5102C9A17F201A300A9494E /* PBXContainerItemProxy */ = {
			isa = PBXContainerItemProxy;
			containerPortal = A5102C7217F201A300A9494E /* Project object */;
			proxyType = 1;
			remoteGlobalIDString = A5102C7917F201A300A9494E;
			remoteInfo = "COnfiguration Change Form";
		};
/* End PBXContainerItemProxy section */

/* Begin PBXFileReference section */
		A50596DB182C7FA600973CD2 /* ConfigurationDataFactory.h */ = {isa = PBXFileReference; fileEncoding = 4; lastKnownFileType = sourcecode.c.h; path = ConfigurationDataFactory.h; sourceTree = "<group>"; };
		A50596DC182C7FA600973CD2 /* ConfigurationDataFactory.m */ = {isa = PBXFileReference; fileEncoding = 4; lastKnownFileType = sourcecode.c.objc; path = ConfigurationDataFactory.m; sourceTree = "<group>"; };
		A50596DE182C80A800973CD2 /* AddDeviceData.h */ = {isa = PBXFileReference; fileEncoding = 4; lastKnownFileType = sourcecode.c.h; path = AddDeviceData.h; sourceTree = "<group>"; };
		A50596DF182C80A800973CD2 /* AddDeviceData.m */ = {isa = PBXFileReference; fileEncoding = 4; lastKnownFileType = sourcecode.c.objc; path = AddDeviceData.m; sourceTree = "<group>"; };
		A50596E4182C874D00973CD2 /* ConfigurationDataProtocol.h */ = {isa = PBXFileReference; lastKnownFileType = sourcecode.c.h; path = ConfigurationDataProtocol.h; sourceTree = "<group>"; };
		A50596E5182DC8AA00973CD2 /* ReplaceDeviceData.h */ = {isa = PBXFileReference; fileEncoding = 4; lastKnownFileType = sourcecode.c.h; path = ReplaceDeviceData.h; sourceTree = "<group>"; };
		A50596E6182DC8AA00973CD2 /* ReplaceDeviceData.m */ = {isa = PBXFileReference; fileEncoding = 4; lastKnownFileType = sourcecode.c.objc; path = ReplaceDeviceData.m; sourceTree = "<group>"; };
		A5102C7A17F201A300A9494E /* Config Form.app */ = {isa = PBXFileReference; explicitFileType = wrapper.application; includeInIndex = 0; path = "Config Form.app"; sourceTree = BUILT_PRODUCTS_DIR; };
		A5102C7D17F201A300A9494E /* Foundation.framework */ = {isa = PBXFileReference; lastKnownFileType = wrapper.framework; name = Foundation.framework; path = System/Library/Frameworks/Foundation.framework; sourceTree = SDKROOT; };
		A5102C7F17F201A300A9494E /* CoreGraphics.framework */ = {isa = PBXFileReference; lastKnownFileType = wrapper.framework; name = CoreGraphics.framework; path = System/Library/Frameworks/CoreGraphics.framework; sourceTree = SDKROOT; };
		A5102C8117F201A300A9494E /* UIKit.framework */ = {isa = PBXFileReference; lastKnownFileType = wrapper.framework; name = UIKit.framework; path = System/Library/Frameworks/UIKit.framework; sourceTree = SDKROOT; };
		A5102C8517F201A300A9494E /* COnfiguration Change Form-Info.plist */ = {isa = PBXFileReference; lastKnownFileType = text.plist.xml; path = "COnfiguration Change Form-Info.plist"; sourceTree = "<group>"; };
		A5102C8717F201A300A9494E /* en */ = {isa = PBXFileReference; lastKnownFileType = text.plist.strings; name = en; path = en.lproj/InfoPlist.strings; sourceTree = "<group>"; };
		A5102C8917F201A300A9494E /* main.m */ = {isa = PBXFileReference; lastKnownFileType = sourcecode.c.objc; path = main.m; sourceTree = "<group>"; };
		A5102C8B17F201A300A9494E /* COnfiguration Change Form-Prefix.pch */ = {isa = PBXFileReference; lastKnownFileType = sourcecode.c.h; path = "COnfiguration Change Form-Prefix.pch"; sourceTree = "<group>"; };
		A5102C8C17F201A300A9494E /* AppDelegate.h */ = {isa = PBXFileReference; lastKnownFileType = sourcecode.c.h; path = AppDelegate.h; sourceTree = "<group>"; };
		A5102C8D17F201A300A9494E /* AppDelegate.m */ = {isa = PBXFileReference; lastKnownFileType = sourcecode.c.objc; path = AppDelegate.m; sourceTree = "<group>"; };
		A5102C8F17F201A300A9494E /* Images.xcassets */ = {isa = PBXFileReference; lastKnownFileType = folder.assetcatalog; path = Images.xcassets; sourceTree = "<group>"; };
		A5102C9517F201A300A9494E /* COnfiguration Change FormTests.xctest */ = {isa = PBXFileReference; explicitFileType = wrapper.cfbundle; includeInIndex = 0; path = "COnfiguration Change FormTests.xctest"; sourceTree = BUILT_PRODUCTS_DIR; };
		A5102C9617F201A300A9494E /* XCTest.framework */ = {isa = PBXFileReference; lastKnownFileType = wrapper.framework; name = XCTest.framework; path = Library/Frameworks/XCTest.framework; sourceTree = DEVELOPER_DIR; };
		A5102C9E17F201A300A9494E /* COnfiguration Change FormTests-Info.plist */ = {isa = PBXFileReference; lastKnownFileType = text.plist.xml; path = "COnfiguration Change FormTests-Info.plist"; sourceTree = "<group>"; };
		A5102CA017F201A300A9494E /* en */ = {isa = PBXFileReference; lastKnownFileType = text.plist.strings; name = en; path = en.lproj/InfoPlist.strings; sourceTree = "<group>"; };
		A5102CA217F201A300A9494E /* COnfiguration_Change_FormTests.m */ = {isa = PBXFileReference; lastKnownFileType = sourcecode.c.objc; path = COnfiguration_Change_FormTests.m; sourceTree = "<group>"; };
		A5102CF017F266F100A9494E /* TabOverViewController.h */ = {isa = PBXFileReference; fileEncoding = 4; lastKnownFileType = sourcecode.c.h; path = TabOverViewController.h; sourceTree = "<group>"; };
		A5102CF117F266F100A9494E /* TabOverViewController.m */ = {isa = PBXFileReference; fileEncoding = 4; lastKnownFileType = sourcecode.c.objc; path = TabOverViewController.m; sourceTree = "<group>"; tabWidth = 4; usesTabs = 0; };
		A5102CF217F266F100A9494E /* TabOverViewController.xib */ = {isa = PBXFileReference; fileEncoding = 4; lastKnownFileType = file.xib; path = TabOverViewController.xib; sourceTree = "<group>"; };
		A5102CF517F26DAD00A9494E /* RemoveDeviceController.h */ = {isa = PBXFileReference; fileEncoding = 4; lastKnownFileType = sourcecode.c.h; path = RemoveDeviceController.h; sourceTree = "<group>"; };
		A5102CF617F26DAD00A9494E /* RemoveDeviceController.m */ = {isa = PBXFileReference; fileEncoding = 4; lastKnownFileType = sourcecode.c.objc; path = RemoveDeviceController.m; sourceTree = "<group>"; };
		A5102CF717F26DAD00A9494E /* RemoveDeviceController.xib */ = {isa = PBXFileReference; fileEncoding = 4; lastKnownFileType = file.xib; path = RemoveDeviceController.xib; sourceTree = "<group>"; };
		A5102CFA17F26DEB00A9494E /* ReplaceDeviceController.h */ = {isa = PBXFileReference; fileEncoding = 4; lastKnownFileType = sourcecode.c.h; path = ReplaceDeviceController.h; sourceTree = "<group>"; };
		A5102CFB17F26DEB00A9494E /* ReplaceDeviceController.m */ = {isa = PBXFileReference; fileEncoding = 4; lastKnownFileType = sourcecode.c.objc; path = ReplaceDeviceController.m; sourceTree = "<group>"; };
		A5102CFC17F26DEB00A9494E /* ReplaceDeviceController.xib */ = {isa = PBXFileReference; fileEncoding = 4; lastKnownFileType = file.xib; path = ReplaceDeviceController.xib; sourceTree = "<group>"; };
		A5102CFF17F26E1C00A9494E /* SettingsController.h */ = {isa = PBXFileReference; fileEncoding = 4; lastKnownFileType = sourcecode.c.h; path = SettingsController.h; sourceTree = "<group>"; };
		A5102D0017F26E1C00A9494E /* SettingsController.m */ = {isa = PBXFileReference; fileEncoding = 4; lastKnownFileType = sourcecode.c.objc; path = SettingsController.m; sourceTree = "<group>"; };
		A5102D0117F26E1C00A9494E /* SettingsController.xib */ = {isa = PBXFileReference; fileEncoding = 4; lastKnownFileType = file.xib; path = SettingsController.xib; sourceTree = "<group>"; };
		A5102D0417F26E5300A9494E /* ConnectionsController.h */ = {isa = PBXFileReference; fileEncoding = 4; lastKnownFileType = sourcecode.c.h; path = ConnectionsController.h; sourceTree = "<group>"; };
		A5102D0517F26E5300A9494E /* ConnectionsController.m */ = {isa = PBXFileReference; fileEncoding = 4; lastKnownFileType = sourcecode.c.objc; path = ConnectionsController.m; sourceTree = "<group>"; };
		A5102D0617F26E5300A9494E /* ConnectionsController.xib */ = {isa = PBXFileReference; fileEncoding = 4; lastKnownFileType = file.xib; path = ConnectionsController.xib; sourceTree = "<group>"; };
		A5102D0C17F271EC00A9494E /* enumList.h */ = {isa = PBXFileReference; lastKnownFileType = sourcecode.c.h; path = enumList.h; sourceTree = "<group>"; };
		A5102D1317F5250800A9494E /* UIColor+ExtendedColor.h */ = {isa = PBXFileReference; fileEncoding = 4; lastKnownFileType = sourcecode.c.h; path = "UIColor+ExtendedColor.h"; sourceTree = "<group>"; };
		A5102D1417F5250800A9494E /* UIColor+ExtendedColor.m */ = {isa = PBXFileReference; fileEncoding = 4; lastKnownFileType = sourcecode.c.objc; path = "UIColor+ExtendedColor.m"; sourceTree = "<group>"; };
		A52BD7F01833151C00A5162B /* changedv2.png */ = {isa = PBXFileReference; lastKnownFileType = image.png; path = changedv2.png; sourceTree = "<group>"; };
		A52BD7F218331C3200A5162B /* BasicDeviceData.h */ = {isa = PBXFileReference; fileEncoding = 4; lastKnownFileType = sourcecode.c.h; path = BasicDeviceData.h; sourceTree = "<group>"; };
		A52BD7F318331C3200A5162B /* BasicDeviceData.m */ = {isa = PBXFileReference; fileEncoding = 4; lastKnownFileType = sourcecode.c.objc; path = BasicDeviceData.m; sourceTree = "<group>"; };
		A544CC0E1A9A714400E304D9 /* Centers.h */ = {isa = PBXFileReference; fileEncoding = 4; lastKnownFileType = sourcecode.c.h; path = Centers.h; sourceTree = "<group>"; };
		A544CC0F1A9A714400E304D9 /* Centers.m */ = {isa = PBXFileReference; fileEncoding = 4; lastKnownFileType = sourcecode.c.objc; path = Centers.m; sourceTree = "<group>"; };
		A55B57C21835C59C006D1378 /* ChangeDeviceData.h */ = {isa = PBXFileReference; fileEncoding = 4; lastKnownFileType = sourcecode.c.h; path = ChangeDeviceData.h; sourceTree = "<group>"; };
		A55B57C31835C59C006D1378 /* ChangeDeviceData.m */ = {isa = PBXFileReference; fileEncoding = 4; lastKnownFileType = sourcecode.c.objc; path = ChangeDeviceData.m; sourceTree = "<group>"; };
		A55B57C51837ED76006D1378 /* CommentsController.h */ = {isa = PBXFileReference; fileEncoding = 4; lastKnownFileType = sourcecode.c.h; path = CommentsController.h; sourceTree = "<group>"; };
		A55B57C61837ED76006D1378 /* CommentsController.m */ = {isa = PBXFileReference; fileEncoding = 4; lastKnownFileType = sourcecode.c.objc; path = CommentsController.m; sourceTree = "<group>"; };
		A55B57C71837ED76006D1378 /* CommentsController.xib */ = {isa = PBXFileReference; fileEncoding = 4; lastKnownFileType = file.xib; path = CommentsController.xib; sourceTree = "<group>"; };
		A5678A6B186F98C7009591B3 /* adddv2.png */ = {isa = PBXFileReference; lastKnownFileType = image.png; path = adddv2.png; sourceTree = "<group>"; };
		A5678A6C186F98C7009591B3 /* alterdv.png */ = {isa = PBXFileReference; lastKnownFileType = image.png; path = alterdv.png; sourceTree = "<group>"; };
		A5678A6D186F98C7009591B3 /* rmdv2.png */ = {isa = PBXFileReference; lastKnownFileType = image.png; path = rmdv2.png; sourceTree = "<group>"; };
		A56C5758182E9B2D00343D26 /* FormViewProtocol.h */ = {isa = PBXFileReference; lastKnownFileType = sourcecode.c.h; path = FormViewProtocol.h; sourceTree = "<group>"; };
		A58C10331833208F00BBA45E /* RemoveDeviceData.h */ = {isa = PBXFileReference; fileEncoding = 4; lastKnownFileType = sourcecode.c.h; path = RemoveDeviceData.h; sourceTree = "<group>"; };
		A58C10341833208F00BBA45E /* RemoveDeviceData.m */ = {isa = PBXFileReference; fileEncoding = 4; lastKnownFileType = sourcecode.c.objc; path = RemoveDeviceData.m; sourceTree = "<group>"; };
		A596B2331829D3C8009F74CA /* FormViewController.h */ = {isa = PBXFileReference; fileEncoding = 4; lastKnownFileType = sourcecode.c.h; path = FormViewController.h; sourceTree = "<group>"; };
		A596B2341829D3C8009F74CA /* FormViewController.m */ = {isa = PBXFileReference; fileEncoding = 4; lastKnownFileType = sourcecode.c.objc; path = FormViewController.m; sourceTree = "<group>"; };
		A596B2361829D441009F74CA /* FormViewControllerFactory.h */ = {isa = PBXFileReference; fileEncoding = 4; lastKnownFileType = sourcecode.c.h; path = FormViewControllerFactory.h; sourceTree = "<group>"; };
		A596B2371829D441009F74CA /* FormViewControllerFactory.m */ = {isa = PBXFileReference; fileEncoding = 4; lastKnownFileType = sourcecode.c.objc; path = FormViewControllerFactory.m; sourceTree = "<group>"; };
		A596B2391829D72F009F74CA /* AddDeviceController.h */ = {isa = PBXFileReference; fileEncoding = 4; lastKnownFileType = sourcecode.c.h; path = AddDeviceController.h; sourceTree = "<group>"; };
		A596B23A1829D72F009F74CA /* AddDeviceController.m */ = {isa = PBXFileReference; fileEncoding = 4; lastKnownFileType = sourcecode.c.objc; path = AddDeviceController.m; sourceTree = "<group>"; };
		A596B23F1829D84F009F74CA /* AlterDeviceController.h */ = {isa = PBXFileReference; fileEncoding = 4; lastKnownFileType = sourcecode.c.h; path = AlterDeviceController.h; sourceTree = "<group>"; };
		A596B2401829D84F009F74CA /* AlterDeviceController.m */ = {isa = PBXFileReference; fileEncoding = 4; lastKnownFileType = sourcecode.c.objc; path = AlterDeviceController.m; sourceTree = "<group>"; };
		A596B2441829DC5B009F74CA /* AddDeviceController.xib */ = {isa = PBXFileReference; fileEncoding = 4; lastKnownFileType = file.xib; path = AddDeviceController.xib; sourceTree = "<group>"; };
		A5AE7A51187B0D22002B033D /* adddv2_selected.png */ = {isa = PBXFileReference; lastKnownFileType = image.png; path = adddv2_selected.png; sourceTree = "<group>"; };
		A5AE7A53187B0DAE002B033D /* rmdv2_selected.png */ = {isa = PBXFileReference; lastKnownFileType = image.png; path = rmdv2_selected.png; sourceTree = "<group>"; };
		A5AE7A56187B0F8F002B033D /* settings_selected.png */ = {isa = PBXFileReference; lastKnownFileType = image.png; path = settings_selected.png; sourceTree = "<group>"; };
		A5AE7A59187B120E002B033D /* settings.png */ = {isa = PBXFileReference; lastKnownFileType = image.png; path = settings.png; sourceTree = "<group>"; };
		A5B46D6317FB863800BE8FD9 /* PickerItems.h */ = {isa = PBXFileReference; fileEncoding = 4; lastKnownFileType = sourcecode.c.h; path = PickerItems.h; sourceTree = "<group>"; };
		A5B46D6417FB863800BE8FD9 /* PickerItems.m */ = {isa = PBXFileReference; fileEncoding = 4; lastKnownFileType = sourcecode.c.objc; path = PickerItems.m; sourceTree = "<group>"; };
		A5D500B1187B07A300965EB7 /* alterdv_selected.png */ = {isa = PBXFileReference; lastKnownFileType = image.png; path = alterdv_selected.png; sourceTree = "<group>"; };
		A5DE848B1A62040800B27308 /* Contacts_selected.png */ = {isa = PBXFileReference; lastKnownFileType = image.png; path = Contacts_selected.png; sourceTree = "<group>"; };
		A5DE848D1A62044000B27308 /* Contacts.png */ = {isa = PBXFileReference; lastKnownFileType = image.png; path = Contacts.png; sourceTree = "<group>"; };
		A5DE848F1A62052C00B27308 /* Properties_selected.png */ = {isa = PBXFileReference; lastKnownFileType = image.png; path = Properties_selected.png; sourceTree = "<group>"; };
		A5DE84911A62054C00B27308 /* Properties.png */ = {isa = PBXFileReference; lastKnownFileType = image.png; path = Properties.png; sourceTree = "<group>"; };
		A5EECDB0184A683C00346B5F /* AlterDeviceData.h */ = {isa = PBXFileReference; fileEncoding = 4; lastKnownFileType = sourcecode.c.h; path = AlterDeviceData.h; sourceTree = "<group>"; };
		A5EECDB1184A683C00346B5F /* AlterDeviceData.m */ = {isa = PBXFileReference; fileEncoding = 4; lastKnownFileType = sourcecode.c.objc; path = AlterDeviceData.m; sourceTree = "<group>"; };
/* End PBXFileReference section */

/* Begin PBXFrameworksBuildPhase section */
		A5102C7717F201A300A9494E /* Frameworks */ = {
			isa = PBXFrameworksBuildPhase;
			buildActionMask = 2147483647;
			files = (
				A5102C8017F201A300A9494E /* CoreGraphics.framework in Frameworks */,
				A5102C8217F201A300A9494E /* UIKit.framework in Frameworks */,
				A5102C7E17F201A300A9494E /* Foundation.framework in Frameworks */,
			);
			runOnlyForDeploymentPostprocessing = 0;
		};
		A5102C9217F201A300A9494E /* Frameworks */ = {
			isa = PBXFrameworksBuildPhase;
			buildActionMask = 2147483647;
			files = (
				A5102C9717F201A300A9494E /* XCTest.framework in Frameworks */,
				A5102C9917F201A300A9494E /* UIKit.framework in Frameworks */,
				A5102C9817F201A300A9494E /* Foundation.framework in Frameworks */,
			);
			runOnlyForDeploymentPostprocessing = 0;
		};
/* End PBXFrameworksBuildPhase section */

/* Begin PBXGroup section */
		A5102C7117F201A300A9494E = {
			isa = PBXGroup;
			children = (
				A5102C8317F201A300A9494E /* Configuration Change Form */,
				A5102C9C17F201A300A9494E /* Configuration Change FormTests */,
				A5102C7C17F201A300A9494E /* Frameworks */,
				A5102C7B17F201A300A9494E /* Products */,
			);
			sourceTree = "<group>";
		};
		A5102C7B17F201A300A9494E /* Products */ = {
			isa = PBXGroup;
			children = (
				A5102C7A17F201A300A9494E /* Config Form.app */,
				A5102C9517F201A300A9494E /* COnfiguration Change FormTests.xctest */,
			);
			name = Products;
			sourceTree = "<group>";
		};
		A5102C7C17F201A300A9494E /* Frameworks */ = {
			isa = PBXGroup;
			children = (
				A5102C7D17F201A300A9494E /* Foundation.framework */,
				A5102C7F17F201A300A9494E /* CoreGraphics.framework */,
				A5102C8117F201A300A9494E /* UIKit.framework */,
				A5102C9617F201A300A9494E /* XCTest.framework */,
			);
			name = Frameworks;
			sourceTree = "<group>";
		};
		A5102C8317F201A300A9494E /* Configuration Change Form */ = {
			isa = PBXGroup;
			children = (
				A50596DE182C80A800973CD2 /* AddDeviceData.h */,
				A50596DF182C80A800973CD2 /* AddDeviceData.m */,
				A596B2391829D72F009F74CA /* AddDeviceController.h */,
				A596B23A1829D72F009F74CA /* AddDeviceController.m */,
				A596B2441829DC5B009F74CA /* AddDeviceController.xib */,
				A596B23F1829D84F009F74CA /* AlterDeviceController.h */,
				A596B2401829D84F009F74CA /* AlterDeviceController.m */,
				A5EECDB0184A683C00346B5F /* AlterDeviceData.h */,
				A5EECDB1184A683C00346B5F /* AlterDeviceData.m */,
				A5102C8C17F201A300A9494E /* AppDelegate.h */,
				A5102C8D17F201A300A9494E /* AppDelegate.m */,
				A52BD7F218331C3200A5162B /* BasicDeviceData.h */,
				A52BD7F318331C3200A5162B /* BasicDeviceData.m */,
				A544CC0E1A9A714400E304D9 /* Centers.h */,
				A544CC0F1A9A714400E304D9 /* Centers.m */,
				A55B57C21835C59C006D1378 /* ChangeDeviceData.h */,
				A55B57C31835C59C006D1378 /* ChangeDeviceData.m */,
				A55B57C51837ED76006D1378 /* CommentsController.h */,
				A55B57C61837ED76006D1378 /* CommentsController.m */,
				A55B57C71837ED76006D1378 /* CommentsController.xib */,
				A50596DB182C7FA600973CD2 /* ConfigurationDataFactory.h */,
				A50596DC182C7FA600973CD2 /* ConfigurationDataFactory.m */,
				A50596E4182C874D00973CD2 /* ConfigurationDataProtocol.h */,
				A5102D0417F26E5300A9494E /* ConnectionsController.h */,
				A5102D0517F26E5300A9494E /* ConnectionsController.m */,
				A5102D0617F26E5300A9494E /* ConnectionsController.xib */,
				A5102D0C17F271EC00A9494E /* enumList.h */,
				A596B2331829D3C8009F74CA /* FormViewController.h */,
				A596B2341829D3C8009F74CA /* FormViewController.m */,
				A596B2361829D441009F74CA /* FormViewControllerFactory.h */,
				A596B2371829D441009F74CA /* FormViewControllerFactory.m */,
				A56C5758182E9B2D00343D26 /* FormViewProtocol.h */,
				A5B46D6317FB863800BE8FD9 /* PickerItems.h */,
				A5B46D6417FB863800BE8FD9 /* PickerItems.m */,
				A5102CF517F26DAD00A9494E /* RemoveDeviceController.h */,
				A5102CF617F26DAD00A9494E /* RemoveDeviceController.m */,
				A5102CF717F26DAD00A9494E /* RemoveDeviceController.xib */,
				A58C10331833208F00BBA45E /* RemoveDeviceData.h */,
				A58C10341833208F00BBA45E /* RemoveDeviceData.m */,
				A5102CFA17F26DEB00A9494E /* ReplaceDeviceController.h */,
				A5102CFB17F26DEB00A9494E /* ReplaceDeviceController.m */,
				A5102CFC17F26DEB00A9494E /* ReplaceDeviceController.xib */,
				A50596E5182DC8AA00973CD2 /* ReplaceDeviceData.h */,
				A50596E6182DC8AA00973CD2 /* ReplaceDeviceData.m */,
				A5102CFF17F26E1C00A9494E /* SettingsController.h */,
				A5102D0017F26E1C00A9494E /* SettingsController.m */,
				A5102D0117F26E1C00A9494E /* SettingsController.xib */,
				A5102CF017F266F100A9494E /* TabOverViewController.h */,
				A5102CF117F266F100A9494E /* TabOverViewController.m */,
				A5102CF217F266F100A9494E /* TabOverViewController.xib */,
				A5102D1317F5250800A9494E /* UIColor+ExtendedColor.h */,
				A5102D1417F5250800A9494E /* UIColor+ExtendedColor.m */,
				A5102C8F17F201A300A9494E /* Images.xcassets */,
				A5AE7A59187B120E002B033D /* settings.png */,
				A5DE848D1A62044000B27308 /* Contacts.png */,
				A5DE848F1A62052C00B27308 /* Properties_selected.png */,
				A5DE84911A62054C00B27308 /* Properties.png */,
				A5DE848B1A62040800B27308 /* Contacts_selected.png */,
				A5AE7A56187B0F8F002B033D /* settings_selected.png */,
				A5AE7A53187B0DAE002B033D /* rmdv2_selected.png */,
				A5AE7A51187B0D22002B033D /* adddv2_selected.png */,
				A5D500B1187B07A300965EB7 /* alterdv_selected.png */,
				A5678A6B186F98C7009591B3 /* adddv2.png */,
				A5678A6C186F98C7009591B3 /* alterdv.png */,
				A5678A6D186F98C7009591B3 /* rmdv2.png */,
				A52BD7F01833151C00A5162B /* changedv2.png */,
				A5102C8417F201A300A9494E /* Supporting Files */,
			);
			name = "Configuration Change Form";
			path = "COnfiguration Change Form";
			sourceTree = "<group>";
		};
		A5102C8417F201A300A9494E /* Supporting Files */ = {
			isa = PBXGroup;
			children = (
				A5102C8517F201A300A9494E /* COnfiguration Change Form-Info.plist */,
				A5102C8617F201A300A9494E /* InfoPlist.strings */,
				A5102C8917F201A300A9494E /* main.m */,
				A5102C8B17F201A300A9494E /* COnfiguration Change Form-Prefix.pch */,
			);
			name = "Supporting Files";
			sourceTree = "<group>";
		};
		A5102C9C17F201A300A9494E /* Configuration Change FormTests */ = {
			isa = PBXGroup;
			children = (
				A5102CA217F201A300A9494E /* COnfiguration_Change_FormTests.m */,
				A5102C9D17F201A300A9494E /* Supporting Files */,
			);
			name = "Configuration Change FormTests";
			path = "COnfiguration Change FormTests";
			sourceTree = "<group>";
		};
		A5102C9D17F201A300A9494E /* Supporting Files */ = {
			isa = PBXGroup;
			children = (
				A5102C9E17F201A300A9494E /* COnfiguration Change FormTests-Info.plist */,
				A5102C9F17F201A300A9494E /* InfoPlist.strings */,
			);
			name = "Supporting Files";
			sourceTree = "<group>";
		};
/* End PBXGroup section */

/* Begin PBXNativeTarget section */
		A5102C7917F201A300A9494E /* COnfiguration Change Form */ = {
			isa = PBXNativeTarget;
			buildConfigurationList = A5102CA617F201A300A9494E /* Build configuration list for PBXNativeTarget "COnfiguration Change Form" */;
			buildPhases = (
				A5102C7617F201A300A9494E /* Sources */,
				A5102C7717F201A300A9494E /* Frameworks */,
				A5102C7817F201A300A9494E /* Resources */,
			);
			buildRules = (
			);
			dependencies = (
			);
			name = "COnfiguration Change Form";
			productName = "COnfiguration Change Form";
			productReference = A5102C7A17F201A300A9494E /* Config Form.app */;
			productType = "com.apple.product-type.application";
		};
		A5102C9417F201A300A9494E /* COnfiguration Change FormTests */ = {
			isa = PBXNativeTarget;
			buildConfigurationList = A5102CA917F201A300A9494E /* Build configuration list for PBXNativeTarget "COnfiguration Change FormTests" */;
			buildPhases = (
				A5102C9117F201A300A9494E /* Sources */,
				A5102C9217F201A300A9494E /* Frameworks */,
				A5102C9317F201A300A9494E /* Resources */,
			);
			buildRules = (
			);
			dependencies = (
				A5102C9B17F201A300A9494E /* PBXTargetDependency */,
			);
			name = "COnfiguration Change FormTests";
			productName = "COnfiguration Change FormTests";
			productReference = A5102C9517F201A300A9494E /* COnfiguration Change FormTests.xctest */;
			productType = "com.apple.product-type.bundle.unit-test";
		};
/* End PBXNativeTarget section */

/* Begin PBXProject section */
		A5102C7217F201A300A9494E /* Project object */ = {
			isa = PBXProject;
			attributes = {
				LastUpgradeCheck = 0510;
				ORGANIZATIONNAME = "Douglas Gardiner";
				TargetAttributes = {
					A5102C9417F201A300A9494E = {
						TestTargetID = A5102C7917F201A300A9494E;
					};
					A544CC111A9A7C0900E304D9 = {
						CreatedOnToolsVersion = 6.1.1;
					};
				};
			};
			buildConfigurationList = A5102C7517F201A300A9494E /* Build configuration list for PBXProject "COnfiguration Change Form" */;
			compatibilityVersion = "Xcode 3.2";
			developmentRegion = English;
			hasScannedForEncodings = 0;
			knownRegions = (
				en,
			);
			mainGroup = A5102C7117F201A300A9494E;
			productRefGroup = A5102C7B17F201A300A9494E /* Products */;
			projectDirPath = "";
			projectRoot = "";
			targets = (
				A5102C7917F201A300A9494E /* COnfiguration Change Form */,
				A5102C9417F201A300A9494E /* COnfiguration Change FormTests */,
				A544CC111A9A7C0900E304D9 /* Documentation */,
			);
		};
/* End PBXProject section */

/* Begin PBXResourcesBuildPhase section */
		A5102C7817F201A300A9494E /* Resources */ = {
			isa = PBXResourcesBuildPhase;
			buildActionMask = 2147483647;
			files = (
				A5DE84921A62054C00B27308 /* Properties.png in Resources */,
				A5AE7A54187B0DAE002B033D /* rmdv2_selected.png in Resources */,
				A5678A6F186F98C7009591B3 /* alterdv.png in Resources */,
				A5102CF917F26DAD00A9494E /* RemoveDeviceController.xib in Resources */,
				A5AE7A52187B0D22002B033D /* adddv2_selected.png in Resources */,
				A5D500B2187B07A300965EB7 /* alterdv_selected.png in Resources */,
				A5102CFE17F26DEB00A9494E /* ReplaceDeviceController.xib in Resources */,
				A5AE7A58187B0F8F002B033D /* settings_selected.png in Resources */,
				A5DE848C1A62040800B27308 /* Contacts_selected.png in Resources */,
				A52BD7F11833151C00A5162B /* changedv2.png in Resources */,
				A596B2451829DC5B009F74CA /* AddDeviceController.xib in Resources */,
				A5102C8817F201A300A9494E /* InfoPlist.strings in Resources */,
				A5102C9017F201A300A9494E /* Images.xcassets in Resources */,
				A5678A70186F98C7009591B3 /* rmdv2.png in Resources */,
				A5DE84901A62052C00B27308 /* Properties_selected.png in Resources */,
				A5102D0317F26E1C00A9494E /* SettingsController.xib in Resources */,
				A55B57C91837ED76006D1378 /* CommentsController.xib in Resources */,
				A5AE7A5A187B120E002B033D /* settings.png in Resources */,
				A5DE848E1A62044000B27308 /* Contacts.png in Resources */,
				A5678A6E186F98C7009591B3 /* adddv2.png in Resources */,
				A5102D0817F26E5300A9494E /* ConnectionsController.xib in Resources */,
				A5102CF417F266F100A9494E /* TabOverViewController.xib in Resources */,
			);
			runOnlyForDeploymentPostprocessing = 0;
		};
		A5102C9317F201A300A9494E /* Resources */ = {
			isa = PBXResourcesBuildPhase;
			buildActionMask = 2147483647;
			files = (
				A5102CA117F201A300A9494E /* InfoPlist.strings in Resources */,
			);
			runOnlyForDeploymentPostprocessing = 0;
		};
/* End PBXResourcesBuildPhase section */

/* Begin PBXShellScriptBuildPhase section */
		A544CC171A9A7C3C00E304D9 /* ShellScript */ = {
			isa = PBXShellScriptBuildPhase;
			buildActionMask = 2147483647;
			files = (
			);
			inputPaths = (
			);
			outputPaths = (
			);
			runOnlyForDeploymentPostprocessing = 0;
			shellPath = /bin/sh;
			shellScript = "# Start constants\ncompany=\"TryIt\";\ncompanyID=\"tryit.com\";\ncompanyURL=\"tryit.com\";\ntarget=\"iphoneos\";\noutputPath=\"~/Documents/software/Configuration\\ Change\\ Form/COnfiguration\\ Change\\ Form/help/${PROJECT_NAME}\";\n# End constants\n\n/usr/local/bin/appledoc \\\n--exit-threshold 2 \\\n--project-company \"TryIt\" \\\n--company-id \"tryit.com\" \\\n--docset-atom-filename \"TryIt\" \\\n--docset-feed-url \"Tryit.com/docs/%DOCSETATOMFILENAME\" \\\n--docset-package-url \"tryit.com/docs/%DOCSETPACKAGEFILENAME\" \\\n--docset-fallback-url \"tryit.com/docs\" \\\n--docset-platform-family \"iphoneos\" \\/usr/local/bin/appledoc \\\n--project-name \"Configuration Change Form\" \\\n--docset-package-url \"~/Documents/software/Configuration\\ Change\\ Form/COnfiguration\\ Change\\ Form/%DOCSETPACKAGEFILENAME\" \\\n--publish-docset \\\n--logformat xcode \\\n--keep-undocumented-objects \\\n--keep-undocumented-members \\\n--keep-intermediate-files \\\n--no-repeat-first-par \\\n--no-warn-invalid-crossref \\\n--ignore \"*.m\" \\\n--ignore \"LoadableCategory.h\" \\\n--index-desc \"${PROJECT_DIR}/readme.markdown\" \\\n\"${PROJECT_DIR}\"";
		};
/* End PBXShellScriptBuildPhase section */

/* Begin PBXSourcesBuildPhase section */
		A5102C7617F201A300A9494E /* Sources */ = {
			isa = PBXSourcesBuildPhase;
			buildActionMask = 2147483647;
			files = (
				A50596E7182DC8AA00973CD2 /* ReplaceDeviceData.m in Sources */,
				A5102D0217F26E1C00A9494E /* SettingsController.m in Sources */,
				A5102D1517F5250800A9494E /* UIColor+ExtendedColor.m in Sources */,
				A55B57C81837ED76006D1378 /* CommentsController.m in Sources */,
				A596B2381829D441009F74CA /* FormViewControllerFactory.m in Sources */,
				A5102CF817F26DAD00A9494E /* RemoveDeviceController.m in Sources */,
				A5102CFD17F26DEB00A9494E /* ReplaceDeviceController.m in Sources */,
				A596B2351829D3C8009F74CA /* FormViewController.m in Sources */,
				A5EECDB2184A683C00346B5F /* AlterDeviceData.m in Sources */,
				A5102CF317F266F100A9494E /* TabOverViewController.m in Sources */,
				A5B46D6517FB863800BE8FD9 /* PickerItems.m in Sources */,
				A52BD7F418331C3200A5162B /* BasicDeviceData.m in Sources */,
				A596B23B1829D72F009F74CA /* AddDeviceController.m in Sources */,
				A58C10351833208F00BBA45E /* RemoveDeviceData.m in Sources */,
				A544CC101A9A714400E304D9 /* Centers.m in Sources */,
				A55B57C41835C59C006D1378 /* ChangeDeviceData.m in Sources */,
				A596B2421829D84F009F74CA /* AlterDeviceController.m in Sources */,
				A5102C8E17F201A300A9494E /* AppDelegate.m in Sources */,
				A5102D0717F26E5300A9494E /* ConnectionsController.m in Sources */,
				A5102C8A17F201A300A9494E /* main.m in Sources */,
				A50596DD182C7FA600973CD2 /* ConfigurationDataFactory.m in Sources */,
				A50596E0182C80A800973CD2 /* AddDeviceData.m in Sources */,
			);
			runOnlyForDeploymentPostprocessing = 0;
		};
		A5102C9117F201A300A9494E /* Sources */ = {
			isa = PBXSourcesBuildPhase;
			buildActionMask = 2147483647;
			files = (
				A5102CA317F201A300A9494E /* COnfiguration_Change_FormTests.m in Sources */,
			);
			runOnlyForDeploymentPostprocessing = 0;
		};
/* End PBXSourcesBuildPhase section */

/* Begin PBXTargetDependency section */
		A5102C9B17F201A300A9494E /* PBXTargetDependency */ = {
			isa = PBXTargetDependency;
			target = A5102C7917F201A300A9494E /* COnfiguration Change Form */;
			targetProxy = A5102C9A17F201A300A9494E /* PBXContainerItemProxy */;
		};
/* End PBXTargetDependency section */

/* Begin PBXVariantGroup section */
		A5102C8617F201A300A9494E /* InfoPlist.strings */ = {
			isa = PBXVariantGroup;
			children = (
				A5102C8717F201A300A9494E /* en */,
			);
			name = InfoPlist.strings;
			sourceTree = "<group>";
		};
		A5102C9F17F201A300A9494E /* InfoPlist.strings */ = {
			isa = PBXVariantGroup;
			children = (
				A5102CA017F201A300A9494E /* en */,
			);
			name = InfoPlist.strings;
			sourceTree = "<group>";
		};
/* End PBXVariantGroup section */

/* Begin XCBuildConfiguration section */
		A5102CA417F201A300A9494E /* Debug */ = {
			isa = XCBuildConfiguration;
			buildSettings = {
				ALWAYS_SEARCH_USER_PATHS = NO;
				CLANG_CXX_LANGUAGE_STANDARD = "gnu++0x";
				CLANG_CXX_LIBRARY = "libc++";
				CLANG_ENABLE_MODULES = YES;
				CLANG_ENABLE_OBJC_ARC = YES;
				CLANG_WARN_BOOL_CONVERSION = YES;
				CLANG_WARN_CONSTANT_CONVERSION = YES;
				CLANG_WARN_DIRECT_OBJC_ISA_USAGE = YES_ERROR;
				CLANG_WARN_EMPTY_BODY = YES;
				CLANG_WARN_ENUM_CONVERSION = YES;
				CLANG_WARN_INT_CONVERSION = YES;
				CLANG_WARN_OBJC_ROOT_CLASS = YES_ERROR;
				CLANG_WARN__DUPLICATE_METHOD_MATCH = YES;
				"CODE_SIGN_IDENTITY[sdk=iphoneos*]" = "iPhone Developer";
				COPY_PHASE_STRIP = NO;
				GCC_C_LANGUAGE_STANDARD = gnu99;
				GCC_DYNAMIC_NO_PIC = NO;
				GCC_OPTIMIZATION_LEVEL = 0;
				GCC_PREPROCESSOR_DEFINITIONS = (
					"DEBUG=1",
					"$(inherited)",
				);
				GCC_SYMBOLS_PRIVATE_EXTERN = NO;
				GCC_WARN_64_TO_32_BIT_CONVERSION = YES;
				GCC_WARN_ABOUT_RETURN_TYPE = YES_ERROR;
				GCC_WARN_UNDECLARED_SELECTOR = YES;
				GCC_WARN_UNINITIALIZED_AUTOS = YES;
				GCC_WARN_UNUSED_FUNCTION = YES;
				GCC_WARN_UNUSED_VARIABLE = YES;
				IPHONEOS_DEPLOYMENT_TARGET = 7.0;
				ONLY_ACTIVE_ARCH = YES;
				SDKROOT = iphoneos;
			};
			name = Debug;
		};
		A5102CA517F201A300A9494E /* Release */ = {
			isa = XCBuildConfiguration;
			buildSettings = {
				ALWAYS_SEARCH_USER_PATHS = NO;
				CLANG_CXX_LANGUAGE_STANDARD = "gnu++0x";
				CLANG_CXX_LIBRARY = "libc++";
				CLANG_ENABLE_MODULES = YES;
				CLANG_ENABLE_OBJC_ARC = YES;
				CLANG_WARN_BOOL_CONVERSION = YES;
				CLANG_WARN_CONSTANT_CONVERSION = YES;
				CLANG_WARN_DIRECT_OBJC_ISA_USAGE = YES_ERROR;
				CLANG_WARN_EMPTY_BODY = YES;
				CLANG_WARN_ENUM_CONVERSION = YES;
				CLANG_WARN_INT_CONVERSION = YES;
				CLANG_WARN_OBJC_ROOT_CLASS = YES_ERROR;
				CLANG_WARN__DUPLICATE_METHOD_MATCH = YES;
				"CODE_SIGN_IDENTITY[sdk=iphoneos*]" = "iPhone Developer";
				COPY_PHASE_STRIP = YES;
				ENABLE_NS_ASSERTIONS = NO;
				GCC_C_LANGUAGE_STANDARD = gnu99;
				GCC_WARN_64_TO_32_BIT_CONVERSION = YES;
				GCC_WARN_ABOUT_RETURN_TYPE = YES_ERROR;
				GCC_WARN_UNDECLARED_SELECTOR = YES;
				GCC_WARN_UNINITIALIZED_AUTOS = YES;
				GCC_WARN_UNUSED_FUNCTION = YES;
				GCC_WARN_UNUSED_VARIABLE = YES;
				IPHONEOS_DEPLOYMENT_TARGET = 7.0;
				SDKROOT = iphoneos;
				VALIDATE_PRODUCT = YES;
			};
			name = Release;
		};
		A5102CA717F201A300A9494E /* Debug */ = {
			isa = XCBuildConfiguration;
			buildSettings = {
				ASSETCATALOG_COMPILER_APPICON_NAME = AppIcon;
				ASSETCATALOG_COMPILER_LAUNCHIMAGE_NAME = LaunchImage;
				GCC_PRECOMPILE_PREFIX_HEADER = YES;
				GCC_PREFIX_HEADER = "COnfiguration Change Form/COnfiguration Change Form-Prefix.pch";
				INFOPLIST_FILE = "COnfiguration Change Form/COnfiguration Change Form-Info.plist";
				IPHONEOS_DEPLOYMENT_TARGET = 7.0;
				PRODUCT_NAME = "Config Form";
				WRAPPER_EXTENSION = app;
			};
			name = Debug;
		};
		A5102CA817F201A300A9494E /* Release */ = {
			isa = XCBuildConfiguration;
			buildSettings = {
				ASSETCATALOG_COMPILER_APPICON_NAME = AppIcon;
				ASSETCATALOG_COMPILER_LAUNCHIMAGE_NAME = LaunchImage;
				GCC_PRECOMPILE_PREFIX_HEADER = YES;
				GCC_PREFIX_HEADER = "COnfiguration Change Form/COnfiguration Change Form-Prefix.pch";
				INFOPLIST_FILE = "COnfiguration Change Form/COnfiguration Change Form-Info.plist";
				IPHONEOS_DEPLOYMENT_TARGET = 7.0;
				PRODUCT_NAME = "Config Form";
				WRAPPER_EXTENSION = app;
			};
			name = Release;
		};
		A5102CAA17F201A300A9494E /* Debug */ = {
			isa = XCBuildConfiguration;
			buildSettings = {
				BUNDLE_LOADER = "$(BUILT_PRODUCTS_DIR)/COnfiguration Change Form.app/COnfiguration Change Form";
				FRAMEWORK_SEARCH_PATHS = (
					"$(SDKROOT)/Developer/Library/Frameworks",
					"$(inherited)",
					"$(DEVELOPER_FRAMEWORKS_DIR)",
				);
				GCC_PRECOMPILE_PREFIX_HEADER = YES;
				GCC_PREFIX_HEADER = "COnfiguration Change Form/COnfiguration Change Form-Prefix.pch";
				GCC_PREPROCESSOR_DEFINITIONS = (
					"DEBUG=1",
					"$(inherited)",
				);
				INFOPLIST_FILE = "COnfiguration Change FormTests/COnfiguration Change FormTests-Info.plist";
				PRODUCT_NAME = "$(TARGET_NAME)";
				TEST_HOST = "$(BUNDLE_LOADER)";
				WRAPPER_EXTENSION = xctest;
			};
			name = Debug;
		};
		A5102CAB17F201A300A9494E /* Release */ = {
			isa = XCBuildConfiguration;
			buildSettings = {
				BUNDLE_LOADER = "$(BUILT_PRODUCTS_DIR)/COnfiguration Change Form.app/COnfiguration Change Form";
				FRAMEWORK_SEARCH_PATHS = (
					"$(SDKROOT)/Developer/Library/Frameworks",
					"$(inherited)",
					"$(DEVELOPER_FRAMEWORKS_DIR)",
				);
				GCC_PRECOMPILE_PREFIX_HEADER = YES;
				GCC_PREFIX_HEADER = "COnfiguration Change Form/COnfiguration Change Form-Prefix.pch";
				INFOPLIST_FILE = "COnfiguration Change FormTests/COnfiguration Change FormTests-Info.plist";
				PRODUCT_NAME = "$(TARGET_NAME)";
				TEST_HOST = "$(BUNDLE_LOADER)";
				WRAPPER_EXTENSION = xctest;
			};
			name = Release;
		};
		A544CC131A9A7C0A00E304D9 /* Debug */ = {
			isa = XCBuildConfiguration;
			buildSettings = {
				PRODUCT_NAME = "$(TARGET_NAME)";
			};
			name = Debug;
		};
		A544CC141A9A7C0A00E304D9 /* Release */ = {
			isa = XCBuildConfiguration;
			buildSettings = {
				PRODUCT_NAME = "$(TARGET_NAME)";
			};
			name = Release;
		};
/* End XCBuildConfiguration section */

/* Begin XCConfigurationList section */
		A5102C7517F201A300A9494E /* Build configuration list for PBXProject "COnfiguration Change Form" */ = {
			isa = XCConfigurationList;
			buildConfigurations = (
				A5102CA417F201A300A9494E /* Debug */,
				A5102CA517F201A300A9494E /* Release */,
			);
			defaultConfigurationIsVisible = 0;
			defaultConfigurationName = Release;
		};
		A5102CA617F201A300A9494E /* Build configuration list for PBXNativeTarget "COnfiguration Change Form" */ = {
			isa = XCConfigurationList;
			buildConfigurations = (
				A5102CA717F201A300A9494E /* Debug */,
				A5102CA817F201A300A9494E /* Release */,
			);
			defaultConfigurationIsVisible = 0;
			defaultConfigurationName = Release;
		};
		A5102CA917F201A300A9494E /* Build configuration list for PBXNativeTarget "COnfiguration Change FormTests" */ = {
			isa = XCConfigurationList;
			buildConfigurations = (
				A5102CAA17F201A300A9494E /* Debug */,
				A5102CAB17F201A300A9494E /* Release */,
			);
			defaultConfigurationIsVisible = 0;
			defaultConfigurationName = Release;
		};
		A544CC121A9A7C0A00E304D9 /* Build configuration list for PBXAggregateTarget "Documentation" */ = {
			isa = XCConfigurationList;
			buildConfigurations = (
				A544CC131A9A7C0A00E304D9 /* Debug */,
				A544CC141A9A7C0A00E304D9 /* Release */,
			);
			defaultConfigurationIsVisible = 0;
		};
/* End XCConfigurationList section */
	};
	rootObject = A5102C7217F201A300A9494E /* Project object */;
}
